
Microsoft Visual Studio Solution File, Format Version 12.00
# Visual Studio Version 16
VisualStudioVersion = 16.0.29509.3
MinimumVisualStudioVersion = 10.0.40219.1
Project("{FAE04EC0-301F-11D3-BF4B-00C04F79EFBC}") = "MultiAppDemo", "MultiAppDemo\MultiAppDemo.csproj", "{7F8AEFD3-39E4-493E-86DB-1BC13B54404E}"
EndProject
Global
	GlobalSection(SolutionConfigurationPlatforms) = preSolution
		Debug|Any CPU = Debug|Any CPU
		Release|Any CPU = Release|Any CPU
	EndGlobalSection
	GlobalSection(ProjectConfigurationPlatforms) = postSolution
		{7F8AEFD3-39E4-493E-86DB-1BC13B54404E}.Debug|Any CPU.ActiveCfg = Debug|Any CPU
		{7F8AEFD3-39E4-493E-86DB-1BC13B54404E}.Debug|Any CPU.Build.0 = Debug|Any CPU
		{7F8AEFD3-39E4-493E-86DB-1BC13B54404E}.Release|Any CPU.ActiveCfg = Release|Any CPU
		{7F8AEFD3-39E4-493E-86DB-1BC13B54404E}.Release|Any CPU.Build.0 = Release|Any CPU
	EndGlobalSection
	GlobalSection(SolutionProperties) = preSolution
		HideSolutionNode = FALSE
	EndGlobalSection
	GlobalSection(ExtensibilityGlobals) = postSolution
		SolutionGuid = {841A3EC1-5F3A-4229-AA7A-A2B3CCE23360}
	EndGlobalSection
EndGlobal
